<?xml version="1.0" encoding="utf-8"?>
<Project ToolsVersion="4.0" xmlns="http://schemas.microsoft.com/developer/msbuild/2003">
  <ItemGroup>
    <Filter Include="소스 파일">
      <UniqueIdentifier>{4FC737F1-C7A5-4376-A066-2A32D752A2FF}</UniqueIdentifier>
      <Extensions>cpp;c;cc;cxx;def;odl;idl;hpj;bat;asm;asmx</Extensions>
    </Filter>
    <Filter Include="헤더 파일">
      <UniqueIdentifier>{93995380-89BD-4b04-88EB-625FBE52EBFB}</UniqueIdentifier>
      <Extensions>h;hh;hpp;hxx;hm;inl;inc;xsd</Extensions>
    </Filter>
    <Filter Include="리소스 파일">
      <UniqueIdentifier>{67DA6AB6-F800-4c08-8B7A-83BB121AAD01}</UniqueIdentifier>
      <Extensions>rc;ico;cur;bmp;dlg;rc2;rct;bin;rgs;gif;jpg;jpeg;jpe;resx;tiff;tif;png;wav;mfcribbon-ms</Extensions>
    </Filter>
    <Filter Include="Week2">
      <UniqueIdentifier>{2c89b893-7ab5-4022-87cb-78fab54b0f9b}</UniqueIdentifier>
    </Filter>
    <Filter Include="Week3">
      <UniqueIdentifier>{ebc7048e-ea1f-4564-b9c4-dce50d2a4701}</UniqueIdentifier>
    </Filter>
    <Filter Include="Week5">
      <UniqueIdentifier>{15d36e1e-92b7-4581-99e4-37966b8532e2}</UniqueIdentifier>
    </Filter>
    <Filter Include="Week6">
      <UniqueIdentifier>{5317bd31-5d81-42e1-8059-813b0d497fef}</UniqueIdentifier>
    </Filter>
    <Filter Include="Week6\LinkedStack">
      <UniqueIdentifier>{def2d23e-3f1d-4cae-9da7-06f2e6c61224}</UniqueIdentifier>
    </Filter>
    <Filter Include="Week6\LinkedQueue">
      <UniqueIdentifier>{5bcee63e-04e4-4a6c-96f9-df95e4805185}</UniqueIdentifier>
    </Filter>
    <Filter Include="Week1">
      <UniqueIdentifier>{0f3eb8c2-c8c7-4c51-8568-5f704d880ba2}</UniqueIdentifier>
    </Filter>
    <Filter Include="Week8">
      <UniqueIdentifier>{d99ea41a-45bb-40ce-b5d0-862f02310d23}</UniqueIdentifier>
    </Filter>
    <Filter Include="Week8\LinkedList">
      <UniqueIdentifier>{50f659d4-37a1-4588-9460-9dea3b6084ee}</UniqueIdentifier>
    </Filter>
    <Filter Include="Week9">
      <UniqueIdentifier>{732419b4-d679-4642-b4bc-3ddb704b7427}</UniqueIdentifier>
    </Filter>
    <Filter Include="Week10">
      <UniqueIdentifier>{60dd0e89-df7e-4181-8c99-e7ed07e33d70}</UniqueIdentifier>
    </Filter>
    <Filter Include="Week10\BinaryTree">
      <UniqueIdentifier>{aa53a5f8-ef4c-4708-8ee4-5ef69e3e5c83}</UniqueIdentifier>
    </Filter>
    <Filter Include="Week11">
      <UniqueIdentifier>{a91ed229-4ef7-45a6-a0f6-e23f6269b2d2}</UniqueIdentifier>
    </Filter>
    <Filter Include="Week11\BinarySearchTree">
      <UniqueIdentifier>{4ea2e125-958c-4d07-add1-f70470d72d6c}</UniqueIdentifier>
    </Filter>
  </ItemGroup>
  <ItemGroup>
    <ClInclude Include="Sources\stdafx.h">
      <Filter>헤더 파일</Filter>
    </ClInclude>
    <ClInclude Include="Sources\WeekManagerBase.h">
      <Filter>헤더 파일</Filter>
    </ClInclude>
    <ClInclude Include="Sources\Manager.h">
      <Filter>헤더 파일</Filter>
    </ClInclude>
    <ClInclude Include="Sources\Week1\Week1Manager.h">
      <Filter>Week1</Filter>
    </ClInclude>
    <ClInclude Include="Sources\Week2\Week2Manager.h">
      <Filter>Week2</Filter>
    </ClInclude>
    <ClInclude Include="Sources\Week2\Polynomial.h">
      <Filter>Week2</Filter>
    </ClInclude>
    <ClInclude Include="Sources\Week2\SparsePoly.h">
      <Filter>Week2</Filter>
    </ClInclude>
    <ClInclude Include="Sources\Week3\Week3Manager.h">
      <Filter>Week3</Filter>
    </ClInclude>
    <ClInclude Include="Sources\Week3\Location2D.h">
      <Filter>Week3</Filter>
    </ClInclude>
    <ClInclude Include="Sources\Week5\Week5Manager.h">
      <Filter>Week5</Filter>
    </ClInclude>
    <ClInclude Include="Sources\Week3\MazeMap.h">
      <Filter>Week3</Filter>
    </ClInclude>
    <ClInclude Include="Sources\Week6\Week6Manager.h">
      <Filter>Week6</Filter>
    </ClInclude>
    <ClInclude Include="Sources\Week6\LinkedStack\LinkedStack.h">
      <Filter>Week6\LinkedStack</Filter>
    </ClInclude>
    <ClInclude Include="Sources\Week6\LinkedStack\LinkedStackNode.h">
      <Filter>Week6\LinkedStack</Filter>
    </ClInclude>
    <ClInclude Include="Sources\Week6\LinkedStack\LinkedStackStudent.h">
      <Filter>Week6\LinkedStack</Filter>
    </ClInclude>
    <ClInclude Include="Sources\Week6\LinkedQueue\LinkedQueue.h">
      <Filter>Week6\LinkedQueue</Filter>
    </ClInclude>
    <ClInclude Include="Sources\Week6\LinkedQueue\LinkedQueueNode.h">
      <Filter>Week6\LinkedQueue</Filter>
    </ClInclude>
    <ClInclude Include="Sources\Week8\Week8Manager.h">
      <Filter>Week8</Filter>
    </ClInclude>
    <ClInclude Include="Sources\Week8\LinkedList\Node.h">
      <Filter>Week8\LinkedList</Filter>
    </ClInclude>
    <ClInclude Include="Sources\Week8\LinkedList\LinkedList.h">
      <Filter>Week8\LinkedList</Filter>
    </ClInclude>
    <ClInclude Include="Sources\Week8\LinkedList\LinkedListExtend.h">
      <Filter>Week8\LinkedList</Filter>
    </ClInclude>
    <ClInclude Include="Sources\Week9\Week9Manager.h">
      <Filter>Week9</Filter>
    </ClInclude>
    <ClInclude Include="Sources\Week10\Week10Manager.h">
      <Filter>Week10</Filter>
    </ClInclude>
    <ClInclude Include="Sources\Week10\BinaryTree\BinaryTree.h">
      <Filter>Week10\BinaryTree</Filter>
    </ClInclude>
    <ClInclude Include="Sources\Week10\BinaryTree\BinaryTreeNode.h">
      <Filter>Week10\BinaryTree</Filter>
    </ClInclude>
    <ClInclude Include="Sources\Week11\Week11Manager.h">
      <Filter>Week11</Filter>
    </ClInclude>
  </ItemGroup>
  <ItemGroup>
    <ClCompile Include="Sources\main.cpp">
      <Filter>소스 파일</Filter>
    </ClCompile>
    <ClCompile Include="Sources\WeekManagerBase.cpp">
      <Filter>소스 파일</Filter>
    </ClCompile>
    <ClCompile Include="Sources\Week1\Week1Manager.cpp">
      <Filter>Week1</Filter>
    </ClCompile>
    <ClCompile Include="Sources\Week2\Week2Manager.cpp">
      <Filter>Week2</Filter>
    </ClCompile>
    <ClCompile Include="Sources\Week3\Week3Manager.cpp">
      <Filter>Week3</Filter>
    </ClCompile>
    <ClCompile Include="Sources\Week5\Week5Manager.cpp">
      <Filter>Week5</Filter>
    </ClCompile>
    <ClCompile Include="Sources\Week6\Week6Manager.cpp">
      <Filter>Week6</Filter>
    </ClCompile>
    <ClCompile Include="Sources\Week8\Week8Manager.cpp">
      <Filter>Week8</Filter>
    </ClCompile>
    <ClCompile Include="Sources\Week9\Week9Manager.cpp">
      <Filter>Week9</Filter>
    </ClCompile>
    <ClCompile Include="Sources\Week11\Week11Manager.cpp">
      <Filter>Week11</Filter>
    </ClCompile>
    <ClCompile Include="Sources\Week10\Week10Manager.cpp">
      <Filter>Week10</Filter>
    </ClCompile>
  </ItemGroup>
</Project>