<?xml version="1.0" encoding="utf-8"?>
<Project ToolsVersion="4.0" xmlns="http://schemas.microsoft.com/developer/msbuild/2003">
  <ItemGroup>
    <Filter Include="소스 파일">
      <UniqueIdentifier>{4FC737F1-C7A5-4376-A066-2A32D752A2FF}</UniqueIdentifier>
      <Extensions>cpp;c;cc;cxx;def;odl;idl;hpj;bat;asm;asmx</Extensions>
    </Filter>
    <Filter Include="헤더 파일">
      <UniqueIdentifier>{93995380-89BD-4b04-88EB-625FBE52EBFB}</UniqueIdentifier>
      <Extensions>h;hh;hpp;hxx;hm;inl;inc;xsd</Extensions>
    </Filter>
    <Filter Include="Week1">
      <UniqueIdentifier>{0f3eb8c2-c8c7-4c51-8568-5f704d880ba2}</UniqueIdentifier>
    </Filter>
    <Filter Include="리소스 파일">
      <UniqueIdentifier>{67DA6AB6-F800-4c08-8B7A-83BB121AAD01}</UniqueIdentifier>
      <Extensions>rc;ico;cur;bmp;dlg;rc2;rct;bin;rgs;gif;jpg;jpeg;jpe;resx;tiff;tif;png;wav;mfcribbon-ms</Extensions>
    </Filter>
    <Filter Include="Week2">
      <UniqueIdentifier>{2c89b893-7ab5-4022-87cb-78fab54b0f9b}</UniqueIdentifier>
    </Filter>
    <Filter Include="Week3">
      <UniqueIdentifier>{ebc7048e-ea1f-4564-b9c4-dce50d2a4701}</UniqueIdentifier>
    </Filter>
  </ItemGroup>
  <ItemGroup>
    <ClInclude Include="Sources\stdafx.h">
      <Filter>헤더 파일</Filter>
    </ClInclude>
    <ClInclude Include="Sources\WeekManagerBase.h">
      <Filter>헤더 파일</Filter>
    </ClInclude>
    <ClInclude Include="Sources\Manager.h">
      <Filter>헤더 파일</Filter>
    </ClInclude>
    <ClInclude Include="Sources\Week1\Week1Manager.h">
      <Filter>Week1</Filter>
    </ClInclude>
    <ClInclude Include="Sources\Week2\Week2Manager.h">
      <Filter>Week2</Filter>
    </ClInclude>
    <ClInclude Include="Sources\Week2\Polynomial.h">
      <Filter>Week2</Filter>
    </ClInclude>
    <ClInclude Include="Sources\Week2\SparsePoly.h">
      <Filter>Week2</Filter>
    </ClInclude>
    <ClInclude Include="Sources\Week3\Week3Manager.h">
      <Filter>Week3</Filter>
    </ClInclude>
  </ItemGroup>
  <ItemGroup>
    <ClCompile Include="Sources\main.cpp">
      <Filter>소스 파일</Filter>
    </ClCompile>
    <ClCompile Include="Sources\WeekManagerBase.cpp">
      <Filter>소스 파일</Filter>
    </ClCompile>
    <ClCompile Include="Sources\Week1\Week1Manager.cpp">
      <Filter>Week1</Filter>
    </ClCompile>
    <ClCompile Include="Sources\Week2\Week2Manager.cpp">
      <Filter>Week2</Filter>
    </ClCompile>
    <ClCompile Include="Sources\Week3\Week3Manager.cpp">
      <Filter>Week3</Filter>
    </ClCompile>
  </ItemGroup>
</Project>